
Microsoft Visual Studio Solution File, Format Version 12.00
# Visual Studio Version 16
VisualStudioVersion = 16.0.810.5
MinimumVisualStudioVersion = 10.0.40219.1
Project("{FAE04EC0-301F-11D3-BF4B-00C04F79EFBC}") = "Money", "Money\Money.csproj", "{4040E30A-D754-40F7-86B1-AC3A0C0A0C17}"
EndProject
Global
	GlobalSection(SolutionConfigurationPlatforms) = preSolution
		Debug|anycpu = Debug|anycpu
		Release|anycpu = Release|anycpu
	EndGlobalSection
	GlobalSection(ProjectConfigurationPlatforms) = postSolution
		{4040E30A-D754-40F7-86B1-AC3A0C0A0C17}.Debug|anycpu.ActiveCfg = Debug|anycpu
		{4040E30A-D754-40F7-86B1-AC3A0C0A0C17}.Debug|anycpu.Build.0 = Debug|anycpu
		{4040E30A-D754-40F7-86B1-AC3A0C0A0C17}.Release|anycpu.ActiveCfg = Release|anycpu
		{4040E30A-D754-40F7-86B1-AC3A0C0A0C17}.Release|anycpu.Build.0 = Release|anycpu
	EndGlobalSection
	GlobalSection(SolutionProperties) = preSolution
		HideSolutionNode = FALSE
	EndGlobalSection
	GlobalSection(ExtensibilityGlobals) = postSolution
		SolutionGuid = {75BE95B3-FD35-48F6-A605-D11028840199}
	EndGlobalSection
EndGlobal
